
Microsoft Visual Studio Solution File, Format Version 12.00
# Visual Studio Version 17
VisualStudioVersion = 17.11.35222.181
MinimumVisualStudioVersion = 10.0.40219.1
Project("{FAE04EC0-301F-11D3-BF4B-00C04F79EFBC}") = "CSharp_laptop", "CSharp_laptop\CSharp_laptop.csproj", "{A6F4EAB9-5E9E-4C81-97F8-604B7890728D}"
EndProject
Global
	GlobalSection(SolutionConfigurationPlatforms) = preSolution
		Debug|Any CPU = Debug|Any CPU
		Release|Any CPU = Release|Any CPU
	EndGlobalSection
	GlobalSection(ProjectConfigurationPlatforms) = postSolution
		{A6F4EAB9-5E9E-4C81-97F8-604B7890728D}.Debug|Any CPU.ActiveCfg = Debug|Any CPU
		{A6F4EAB9-5E9E-4C81-97F8-604B7890728D}.Debug|Any CPU.Build.0 = Debug|Any CPU
		{A6F4EAB9-5E9E-4C81-97F8-604B7890728D}.Release|Any CPU.ActiveCfg = Release|Any CPU
		{A6F4EAB9-5E9E-4C81-97F8-604B7890728D}.Release|Any CPU.Build.0 = Release|Any CPU
	EndGlobalSection
	GlobalSection(SolutionProperties) = preSolution
		HideSolutionNode = FALSE
	EndGlobalSection
	GlobalSection(ExtensibilityGlobals) = postSolution
		SolutionGuid = {70CA9211-EE02-4A95-94BB-1770FE570EBA}
	EndGlobalSection
EndGlobal
